{
    "_readme": [
        "This file locks the dependencies of your project to a known state",
        "Read more about it at https://getcomposer.org/doc/01-basic-usage.md#composer-lock-the-lock-file",
        "This file is @generated automatically"
    ],
    "hash": "b77095a059a3cc9ff6027f6753a4ccb9",
    "content-hash": "74ef6472b5f30669df189686d7a8bc99",
    "packages": [
        {
            "name": "pimcore/core-version",
            "version": "v5.2.2",
            "source": {
                "type": "git",
                "url": "https://github.com/pimcore/core-version.git",
                "reference": "8bb75a45fa7e94cd8e02f4ec65c3949ef9f769bf"
            },
            "dist": {
                "type": "zip",
                "url": "https://api.github.com/repos/pimcore/core-version/zipball/8bb75a45fa7e94cd8e02f4ec65c3949ef9f769bf",
                "reference": "8bb75a45fa7e94cd8e02f4ec65c3949ef9f769bf",
                "shasum": ""
            },
            "type": "library",
            "notification-url": "https://packagist.org/downloads/",
            "time": "2016-08-26 12:00:07"
        }
    ],
    "packages-dev": [],
    "aliases": [],
    "minimum-stability": "stable",
    "stability-flags": [],
    "prefer-stable": false,
    "prefer-lowest": false,
    "platform": [],
    "platform-dev": []
}
